
Microsoft Visual Studio Solution File, Format Version 12.00
# Visual Studio 14
VisualStudioVersion = 14.0.24720.0
MinimumVisualStudioVersion = 10.0.40219.1
Project("{FAE04EC0-301F-11D3-BF4B-00C04F79EFBC}") = "week02-01", "week02-01\week02-01.csproj", "{4957BD9E-FF2F-455D-A323-799B40447CE0}"
EndProject
Project("{FAE04EC0-301F-11D3-BF4B-00C04F79EFBC}") = "UnitTestForWeek2Class1", "UnitTestForWeek2Class1\UnitTestForWeek2Class1.csproj", "{A874618D-140B-48B5-926D-158B62600804}"
EndProject
Global
	GlobalSection(SolutionConfigurationPlatforms) = preSolution
		Debug|Any CPU = Debug|Any CPU
		Release|Any CPU = Release|Any CPU
	EndGlobalSection
	GlobalSection(ProjectConfigurationPlatforms) = postSolution
		{4957BD9E-FF2F-455D-A323-799B40447CE0}.Debug|Any CPU.ActiveCfg = Debug|Any CPU
		{4957BD9E-FF2F-455D-A323-799B40447CE0}.Debug|Any CPU.Build.0 = Debug|Any CPU
		{4957BD9E-FF2F-455D-A323-799B40447CE0}.Release|Any CPU.ActiveCfg = Release|Any CPU
		{4957BD9E-FF2F-455D-A323-799B40447CE0}.Release|Any CPU.Build.0 = Release|Any CPU
		{A874618D-140B-48B5-926D-158B62600804}.Debug|Any CPU.ActiveCfg = Debug|Any CPU
		{A874618D-140B-48B5-926D-158B62600804}.Debug|Any CPU.Build.0 = Debug|Any CPU
		{A874618D-140B-48B5-926D-158B62600804}.Release|Any CPU.ActiveCfg = Release|Any CPU
		{A874618D-140B-48B5-926D-158B62600804}.Release|Any CPU.Build.0 = Release|Any CPU
	EndGlobalSection
	GlobalSection(SolutionProperties) = preSolution
		HideSolutionNode = FALSE
	EndGlobalSection
EndGlobal
